
Microsoft Visual Studio Solution File, Format Version 12.00
# Visual Studio 14
VisualStudioVersion = 14.0.23107.0
MinimumVisualStudioVersion = 10.0.40219.1
Project("{262852C6-CD72-467D-83FE-5EEB1973A190}") = "ClienteNOFUNCIONA", "Cliente\ClienteNOFUNCIONA.jsproj", "{CF27E35D-2F7B-4FB5-9BE7-C8492ED8B7AE}"
EndProject
Project("{FAE04EC0-301F-11D3-BF4B-00C04F79EFBC}") = "Servicio", "Servicio\Servicio.csproj", "{5B5E4A17-7E6A-4833-BF21-DEBE4414D15A}"
EndProject
Project("{262852C6-CD72-467D-83FE-5EEB1973A190}") = "ClienteCordova", "ClienteCordova\ClienteCordova.jsproj", "{149FDD89-2445-44CA-A116-D485CA8069F4}"
EndProject
Project("{262852C6-CD72-467D-83FE-5EEB1973A190}") = "PruebaCordova", "PruebaCordova\PruebaCordova.jsproj", "{9F631DE0-8E9E-4FF6-BAA1-3AE059CA9FEC}"
EndProject
Project("{262852C6-CD72-467D-83FE-5EEB1973A190}") = "AngularJSMaterial", "AngularJSMaterial\AngularJSMaterial.jsproj", "{1CB840EF-39F3-42F6-A840-450B1FA6F549}"
EndProject
Global
	GlobalSection(SolutionConfigurationPlatforms) = preSolution
		Debug|Android = Debug|Android
		Debug|Any CPU = Debug|Any CPU
		Debug|iOS = Debug|iOS
		Debug|Windows Phone (Universal) = Debug|Windows Phone (Universal)
		Debug|Windows Phone 8 = Debug|Windows Phone 8
		Debug|Windows-AnyCPU = Debug|Windows-AnyCPU
		Debug|Windows-ARM = Debug|Windows-ARM
		Debug|Windows-x64 = Debug|Windows-x64
		Debug|Windows-x86 = Debug|Windows-x86
		Release|Android = Release|Android
		Release|Any CPU = Release|Any CPU
		Release|iOS = Release|iOS
		Release|Windows Phone (Universal) = Release|Windows Phone (Universal)
		Release|Windows Phone 8 = Release|Windows Phone 8
		Release|Windows-AnyCPU = Release|Windows-AnyCPU
		Release|Windows-ARM = Release|Windows-ARM
		Release|Windows-x64 = Release|Windows-x64
		Release|Windows-x86 = Release|Windows-x86
	EndGlobalSection
	GlobalSection(ProjectConfigurationPlatforms) = postSolution
		{CF27E35D-2F7B-4FB5-9BE7-C8492ED8B7AE}.Debug|Android.ActiveCfg = Debug|Android
		{CF27E35D-2F7B-4FB5-9BE7-C8492ED8B7AE}.Debug|Android.Build.0 = Debug|Android
		{CF27E35D-2F7B-4FB5-9BE7-C8492ED8B7AE}.Debug|Android.Deploy.0 = Debug|Android
		{CF27E35D-2F7B-4FB5-9BE7-C8492ED8B7AE}.Debug|Any CPU.ActiveCfg = Debug|Android
		{CF27E35D-2F7B-4FB5-9BE7-C8492ED8B7AE}.Debug|iOS.ActiveCfg = Debug|iOS
		{CF27E35D-2F7B-4FB5-9BE7-C8492ED8B7AE}.Debug|iOS.Build.0 = Debug|iOS
		{CF27E35D-2F7B-4FB5-9BE7-C8492ED8B7AE}.Debug|iOS.Deploy.0 = Debug|iOS
		{CF27E35D-2F7B-4FB5-9BE7-C8492ED8B7AE}.Debug|Windows Phone (Universal).ActiveCfg = Debug|Windows Phone (Universal)
		{CF27E35D-2F7B-4FB5-9BE7-C8492ED8B7AE}.Debug|Windows Phone (Universal).Build.0 = Debug|Windows Phone (Universal)
		{CF27E35D-2F7B-4FB5-9BE7-C8492ED8B7AE}.Debug|Windows Phone (Universal).Deploy.0 = Debug|Windows Phone (Universal)
		{CF27E35D-2F7B-4FB5-9BE7-C8492ED8B7AE}.Debug|Windows Phone 8.ActiveCfg = Debug|Windows Phone 8
		{CF27E35D-2F7B-4FB5-9BE7-C8492ED8B7AE}.Debug|Windows Phone 8.Build.0 = Debug|Windows Phone 8
		{CF27E35D-2F7B-4FB5-9BE7-C8492ED8B7AE}.Debug|Windows Phone 8.Deploy.0 = Debug|Windows Phone 8
		{CF27E35D-2F7B-4FB5-9BE7-C8492ED8B7AE}.Debug|Windows-AnyCPU.ActiveCfg = Debug|Windows-AnyCPU
		{CF27E35D-2F7B-4FB5-9BE7-C8492ED8B7AE}.Debug|Windows-AnyCPU.Build.0 = Debug|Windows-AnyCPU
		{CF27E35D-2F7B-4FB5-9BE7-C8492ED8B7AE}.Debug|Windows-AnyCPU.Deploy.0 = Debug|Windows-AnyCPU
		{CF27E35D-2F7B-4FB5-9BE7-C8492ED8B7AE}.Debug|Windows-ARM.ActiveCfg = Debug|Windows-ARM
		{CF27E35D-2F7B-4FB5-9BE7-C8492ED8B7AE}.Debug|Windows-ARM.Build.0 = Debug|Windows-ARM
		{CF27E35D-2F7B-4FB5-9BE7-C8492ED8B7AE}.Debug|Windows-ARM.Deploy.0 = Debug|Windows-ARM
		{CF27E35D-2F7B-4FB5-9BE7-C8492ED8B7AE}.Debug|Windows-x64.ActiveCfg = Debug|Windows-x64
		{CF27E35D-2F7B-4FB5-9BE7-C8492ED8B7AE}.Debug|Windows-x64.Build.0 = Debug|Windows-x64
		{CF27E35D-2F7B-4FB5-9BE7-C8492ED8B7AE}.Debug|Windows-x64.Deploy.0 = Debug|Windows-x64
		{CF27E35D-2F7B-4FB5-9BE7-C8492ED8B7AE}.Debug|Windows-x86.ActiveCfg = Debug|Windows-x86
		{CF27E35D-2F7B-4FB5-9BE7-C8492ED8B7AE}.Debug|Windows-x86.Build.0 = Debug|Windows-x86
		{CF27E35D-2F7B-4FB5-9BE7-C8492ED8B7AE}.Debug|Windows-x86.Deploy.0 = Debug|Windows-x86
		{CF27E35D-2F7B-4FB5-9BE7-C8492ED8B7AE}.Release|Android.ActiveCfg = Release|Android
		{CF27E35D-2F7B-4FB5-9BE7-C8492ED8B7AE}.Release|Android.Build.0 = Release|Android
		{CF27E35D-2F7B-4FB5-9BE7-C8492ED8B7AE}.Release|Android.Deploy.0 = Release|Android
		{CF27E35D-2F7B-4FB5-9BE7-C8492ED8B7AE}.Release|Any CPU.ActiveCfg = Release|Android
		{CF27E35D-2F7B-4FB5-9BE7-C8492ED8B7AE}.Release|iOS.ActiveCfg = Release|iOS
		{CF27E35D-2F7B-4FB5-9BE7-C8492ED8B7AE}.Release|iOS.Build.0 = Release|iOS
		{CF27E35D-2F7B-4FB5-9BE7-C8492ED8B7AE}.Release|iOS.Deploy.0 = Release|iOS
		{CF27E35D-2F7B-4FB5-9BE7-C8492ED8B7AE}.Release|Windows Phone (Universal).ActiveCfg = Release|Windows Phone (Universal)
		{CF27E35D-2F7B-4FB5-9BE7-C8492ED8B7AE}.Release|Windows Phone (Universal).Build.0 = Release|Windows Phone (Universal)
		{CF27E35D-2F7B-4FB5-9BE7-C8492ED8B7AE}.Release|Windows Phone (Universal).Deploy.0 = Release|Windows Phone (Universal)
		{CF27E35D-2F7B-4FB5-9BE7-C8492ED8B7AE}.Release|Windows Phone 8.ActiveCfg = Release|Windows Phone 8
		{CF27E35D-2F7B-4FB5-9BE7-C8492ED8B7AE}.Release|Windows Phone 8.Build.0 = Release|Windows Phone 8
		{CF27E35D-2F7B-4FB5-9BE7-C8492ED8B7AE}.Release|Windows Phone 8.Deploy.0 = Release|Windows Phone 8
		{CF27E35D-2F7B-4FB5-9BE7-C8492ED8B7AE}.Release|Windows-AnyCPU.ActiveCfg = Release|Windows-AnyCPU
		{CF27E35D-2F7B-4FB5-9BE7-C8492ED8B7AE}.Release|Windows-AnyCPU.Build.0 = Release|Windows-AnyCPU
		{CF27E35D-2F7B-4FB5-9BE7-C8492ED8B7AE}.Release|Windows-AnyCPU.Deploy.0 = Release|Windows-AnyCPU
		{CF27E35D-2F7B-4FB5-9BE7-C8492ED8B7AE}.Release|Windows-ARM.ActiveCfg = Release|Windows-ARM
		{CF27E35D-2F7B-4FB5-9BE7-C8492ED8B7AE}.Release|Windows-ARM.Build.0 = Release|Windows-ARM
		{CF27E35D-2F7B-4FB5-9BE7-C8492ED8B7AE}.Release|Windows-ARM.Deploy.0 = Release|Windows-ARM
		{CF27E35D-2F7B-4FB5-9BE7-C8492ED8B7AE}.Release|Windows-x64.ActiveCfg = Release|Windows-x64
		{CF27E35D-2F7B-4FB5-9BE7-C8492ED8B7AE}.Release|Windows-x64.Build.0 = Release|Windows-x64
		{CF27E35D-2F7B-4FB5-9BE7-C8492ED8B7AE}.Release|Windows-x64.Deploy.0 = Release|Windows-x64
		{CF27E35D-2F7B-4FB5-9BE7-C8492ED8B7AE}.Release|Windows-x86.ActiveCfg = Release|Windows-x86
		{CF27E35D-2F7B-4FB5-9BE7-C8492ED8B7AE}.Release|Windows-x86.Build.0 = Release|Windows-x86
		{CF27E35D-2F7B-4FB5-9BE7-C8492ED8B7AE}.Release|Windows-x86.Deploy.0 = Release|Windows-x86
		{5B5E4A17-7E6A-4833-BF21-DEBE4414D15A}.Debug|Android.ActiveCfg = Debug|Any CPU
		{5B5E4A17-7E6A-4833-BF21-DEBE4414D15A}.Debug|Android.Build.0 = Debug|Any CPU
		{5B5E4A17-7E6A-4833-BF21-DEBE4414D15A}.Debug|Any CPU.ActiveCfg = Debug|Any CPU
		{5B5E4A17-7E6A-4833-BF21-DEBE4414D15A}.Debug|Any CPU.Build.0 = Debug|Any CPU
		{5B5E4A17-7E6A-4833-BF21-DEBE4414D15A}.Debug|iOS.ActiveCfg = Debug|Any CPU
		{5B5E4A17-7E6A-4833-BF21-DEBE4414D15A}.Debug|iOS.Build.0 = Debug|Any CPU
		{5B5E4A17-7E6A-4833-BF21-DEBE4414D15A}.Debug|Windows Phone (Universal).ActiveCfg = Debug|Any CPU
		{5B5E4A17-7E6A-4833-BF21-DEBE4414D15A}.Debug|Windows Phone (Universal).Build.0 = Debug|Any CPU
		{5B5E4A17-7E6A-4833-BF21-DEBE4414D15A}.Debug|Windows Phone 8.ActiveCfg = Debug|Any CPU
		{5B5E4A17-7E6A-4833-BF21-DEBE4414D15A}.Debug|Windows Phone 8.Build.0 = Debug|Any CPU
		{5B5E4A17-7E6A-4833-BF21-DEBE4414D15A}.Debug|Windows-AnyCPU.ActiveCfg = Debug|Any CPU
		{5B5E4A17-7E6A-4833-BF21-DEBE4414D15A}.Debug|Windows-AnyCPU.Build.0 = Debug|Any CPU
		{5B5E4A17-7E6A-4833-BF21-DEBE4414D15A}.Debug|Windows-ARM.ActiveCfg = Debug|Any CPU
		{5B5E4A17-7E6A-4833-BF21-DEBE4414D15A}.Debug|Windows-ARM.Build.0 = Debug|Any CPU
		{5B5E4A17-7E6A-4833-BF21-DEBE4414D15A}.Debug|Windows-x64.ActiveCfg = Debug|Any CPU
		{5B5E4A17-7E6A-4833-BF21-DEBE4414D15A}.Debug|Windows-x64.Build.0 = Debug|Any CPU
		{5B5E4A17-7E6A-4833-BF21-DEBE4414D15A}.Debug|Windows-x86.ActiveCfg = Debug|Any CPU
		{5B5E4A17-7E6A-4833-BF21-DEBE4414D15A}.Debug|Windows-x86.Build.0 = Debug|Any CPU
		{5B5E4A17-7E6A-4833-BF21-DEBE4414D15A}.Release|Android.ActiveCfg = Release|Any CPU
		{5B5E4A17-7E6A-4833-BF21-DEBE4414D15A}.Release|Android.Build.0 = Release|Any CPU
		{5B5E4A17-7E6A-4833-BF21-DEBE4414D15A}.Release|Any CPU.ActiveCfg = Release|Any CPU
		{5B5E4A17-7E6A-4833-BF21-DEBE4414D15A}.Release|Any CPU.Build.0 = Release|Any CPU
		{5B5E4A17-7E6A-4833-BF21-DEBE4414D15A}.Release|iOS.ActiveCfg = Release|Any CPU
		{5B5E4A17-7E6A-4833-BF21-DEBE4414D15A}.Release|iOS.Build.0 = Release|Any CPU
		{5B5E4A17-7E6A-4833-BF21-DEBE4414D15A}.Release|Windows Phone (Universal).ActiveCfg = Release|Any CPU
		{5B5E4A17-7E6A-4833-BF21-DEBE4414D15A}.Release|Windows Phone (Universal).Build.0 = Release|Any CPU
		{5B5E4A17-7E6A-4833-BF21-DEBE4414D15A}.Release|Windows Phone 8.ActiveCfg = Release|Any CPU
		{5B5E4A17-7E6A-4833-BF21-DEBE4414D15A}.Release|Windows Phone 8.Build.0 = Release|Any CPU
		{5B5E4A17-7E6A-4833-BF21-DEBE4414D15A}.Release|Windows-AnyCPU.ActiveCfg = Release|Any CPU
		{5B5E4A17-7E6A-4833-BF21-DEBE4414D15A}.Release|Windows-AnyCPU.Build.0 = Release|Any CPU
		{5B5E4A17-7E6A-4833-BF21-DEBE4414D15A}.Release|Windows-ARM.ActiveCfg = Release|Any CPU
		{5B5E4A17-7E6A-4833-BF21-DEBE4414D15A}.Release|Windows-ARM.Build.0 = Release|Any CPU
		{5B5E4A17-7E6A-4833-BF21-DEBE4414D15A}.Release|Windows-x64.ActiveCfg = Release|Any CPU
		{5B5E4A17-7E6A-4833-BF21-DEBE4414D15A}.Release|Windows-x64.Build.0 = Release|Any CPU
		{5B5E4A17-7E6A-4833-BF21-DEBE4414D15A}.Release|Windows-x86.ActiveCfg = Release|Any CPU
		{5B5E4A17-7E6A-4833-BF21-DEBE4414D15A}.Release|Windows-x86.Build.0 = Release|Any CPU
		{149FDD89-2445-44CA-A116-D485CA8069F4}.Debug|Android.ActiveCfg = Debug|Android
		{149FDD89-2445-44CA-A116-D485CA8069F4}.Debug|Android.Build.0 = Debug|Android
		{149FDD89-2445-44CA-A116-D485CA8069F4}.Debug|Android.Deploy.0 = Debug|Android
		{149FDD89-2445-44CA-A116-D485CA8069F4}.Debug|Any CPU.ActiveCfg = Debug|Android
		{149FDD89-2445-44CA-A116-D485CA8069F4}.Debug|iOS.ActiveCfg = Debug|iOS
		{149FDD89-2445-44CA-A116-D485CA8069F4}.Debug|iOS.Build.0 = Debug|iOS
		{149FDD89-2445-44CA-A116-D485CA8069F4}.Debug|iOS.Deploy.0 = Debug|iOS
		{149FDD89-2445-44CA-A116-D485CA8069F4}.Debug|Windows Phone (Universal).ActiveCfg = Debug|Windows Phone (Universal)
		{149FDD89-2445-44CA-A116-D485CA8069F4}.Debug|Windows Phone (Universal).Build.0 = Debug|Windows Phone (Universal)
		{149FDD89-2445-44CA-A116-D485CA8069F4}.Debug|Windows Phone (Universal).Deploy.0 = Debug|Windows Phone (Universal)
		{149FDD89-2445-44CA-A116-D485CA8069F4}.Debug|Windows Phone 8.ActiveCfg = Debug|Windows Phone 8
		{149FDD89-2445-44CA-A116-D485CA8069F4}.Debug|Windows Phone 8.Build.0 = Debug|Windows Phone 8
		{149FDD89-2445-44CA-A116-D485CA8069F4}.Debug|Windows Phone 8.Deploy.0 = Debug|Windows Phone 8
		{149FDD89-2445-44CA-A116-D485CA8069F4}.Debug|Windows-AnyCPU.ActiveCfg = Debug|Windows-AnyCPU
		{149FDD89-2445-44CA-A116-D485CA8069F4}.Debug|Windows-AnyCPU.Build.0 = Debug|Windows-AnyCPU
		{149FDD89-2445-44CA-A116-D485CA8069F4}.Debug|Windows-AnyCPU.Deploy.0 = Debug|Windows-AnyCPU
		{149FDD89-2445-44CA-A116-D485CA8069F4}.Debug|Windows-ARM.ActiveCfg = Debug|Windows-ARM
		{149FDD89-2445-44CA-A116-D485CA8069F4}.Debug|Windows-ARM.Build.0 = Debug|Windows-ARM
		{149FDD89-2445-44CA-A116-D485CA8069F4}.Debug|Windows-ARM.Deploy.0 = Debug|Windows-ARM
		{149FDD89-2445-44CA-A116-D485CA8069F4}.Debug|Windows-x64.ActiveCfg = Debug|Windows-x64
		{149FDD89-2445-44CA-A116-D485CA8069F4}.Debug|Windows-x64.Build.0 = Debug|Windows-x64
		{149FDD89-2445-44CA-A116-D485CA8069F4}.Debug|Windows-x64.Deploy.0 = Debug|Windows-x64
		{149FDD89-2445-44CA-A116-D485CA8069F4}.Debug|Windows-x86.ActiveCfg = Debug|Windows-x86
		{149FDD89-2445-44CA-A116-D485CA8069F4}.Debug|Windows-x86.Build.0 = Debug|Windows-x86
		{149FDD89-2445-44CA-A116-D485CA8069F4}.Debug|Windows-x86.Deploy.0 = Debug|Windows-x86
		{149FDD89-2445-44CA-A116-D485CA8069F4}.Release|Android.ActiveCfg = Release|Android
		{149FDD89-2445-44CA-A116-D485CA8069F4}.Release|Android.Build.0 = Release|Android
		{149FDD89-2445-44CA-A116-D485CA8069F4}.Release|Android.Deploy.0 = Release|Android
		{149FDD89-2445-44CA-A116-D485CA8069F4}.Release|Any CPU.ActiveCfg = Release|Android
		{149FDD89-2445-44CA-A116-D485CA8069F4}.Release|iOS.ActiveCfg = Release|iOS
		{149FDD89-2445-44CA-A116-D485CA8069F4}.Release|iOS.Build.0 = Release|iOS
		{149FDD89-2445-44CA-A116-D485CA8069F4}.Release|iOS.Deploy.0 = Release|iOS
		{149FDD89-2445-44CA-A116-D485CA8069F4}.Release|Windows Phone (Universal).ActiveCfg = Release|Windows Phone (Universal)
		{149FDD89-2445-44CA-A116-D485CA8069F4}.Release|Windows Phone (Universal).Build.0 = Release|Windows Phone (Universal)
		{149FDD89-2445-44CA-A116-D485CA8069F4}.Release|Windows Phone (Universal).Deploy.0 = Release|Windows Phone (Universal)
		{149FDD89-2445-44CA-A116-D485CA8069F4}.Release|Windows Phone 8.ActiveCfg = Release|Windows Phone 8
		{149FDD89-2445-44CA-A116-D485CA8069F4}.Release|Windows Phone 8.Build.0 = Release|Windows Phone 8
		{149FDD89-2445-44CA-A116-D485CA8069F4}.Release|Windows Phone 8.Deploy.0 = Release|Windows Phone 8
		{149FDD89-2445-44CA-A116-D485CA8069F4}.Release|Windows-AnyCPU.ActiveCfg = Release|Windows-AnyCPU
		{149FDD89-2445-44CA-A116-D485CA8069F4}.Release|Windows-AnyCPU.Build.0 = Release|Windows-AnyCPU
		{149FDD89-2445-44CA-A116-D485CA8069F4}.Release|Windows-AnyCPU.Deploy.0 = Release|Windows-AnyCPU
		{149FDD89-2445-44CA-A116-D485CA8069F4}.Release|Windows-ARM.ActiveCfg = Release|Windows-ARM
		{149FDD89-2445-44CA-A116-D485CA8069F4}.Release|Windows-ARM.Build.0 = Release|Windows-ARM
		{149FDD89-2445-44CA-A116-D485CA8069F4}.Release|Windows-ARM.Deploy.0 = Release|Windows-ARM
		{149FDD89-2445-44CA-A116-D485CA8069F4}.Release|Windows-x64.ActiveCfg = Release|Windows-x64
		{149FDD89-2445-44CA-A116-D485CA8069F4}.Release|Windows-x64.Build.0 = Release|Windows-x64
		{149FDD89-2445-44CA-A116-D485CA8069F4}.Release|Windows-x64.Deploy.0 = Release|Windows-x64
		{149FDD89-2445-44CA-A116-D485CA8069F4}.Release|Windows-x86.ActiveCfg = Release|Windows-x86
		{149FDD89-2445-44CA-A116-D485CA8069F4}.Release|Windows-x86.Build.0 = Release|Windows-x86
		{149FDD89-2445-44CA-A116-D485CA8069F4}.Release|Windows-x86.Deploy.0 = Release|Windows-x86
		{9F631DE0-8E9E-4FF6-BAA1-3AE059CA9FEC}.Debug|Android.ActiveCfg = Debug|Android
		{9F631DE0-8E9E-4FF6-BAA1-3AE059CA9FEC}.Debug|Android.Build.0 = Debug|Android
		{9F631DE0-8E9E-4FF6-BAA1-3AE059CA9FEC}.Debug|Android.Deploy.0 = Debug|Android
		{9F631DE0-8E9E-4FF6-BAA1-3AE059CA9FEC}.Debug|Any CPU.ActiveCfg = Debug|Android
		{9F631DE0-8E9E-4FF6-BAA1-3AE059CA9FEC}.Debug|iOS.ActiveCfg = Debug|iOS
		{9F631DE0-8E9E-4FF6-BAA1-3AE059CA9FEC}.Debug|iOS.Build.0 = Debug|iOS
		{9F631DE0-8E9E-4FF6-BAA1-3AE059CA9FEC}.Debug|iOS.Deploy.0 = Debug|iOS
		{9F631DE0-8E9E-4FF6-BAA1-3AE059CA9FEC}.Debug|Windows Phone (Universal).ActiveCfg = Debug|Windows Phone (Universal)
		{9F631DE0-8E9E-4FF6-BAA1-3AE059CA9FEC}.Debug|Windows Phone (Universal).Build.0 = Debug|Windows Phone (Universal)
		{9F631DE0-8E9E-4FF6-BAA1-3AE059CA9FEC}.Debug|Windows Phone (Universal).Deploy.0 = Debug|Windows Phone (Universal)
		{9F631DE0-8E9E-4FF6-BAA1-3AE059CA9FEC}.Debug|Windows Phone 8.ActiveCfg = Debug|Windows Phone 8
		{9F631DE0-8E9E-4FF6-BAA1-3AE059CA9FEC}.Debug|Windows Phone 8.Build.0 = Debug|Windows Phone 8
		{9F631DE0-8E9E-4FF6-BAA1-3AE059CA9FEC}.Debug|Windows Phone 8.Deploy.0 = Debug|Windows Phone 8
		{9F631DE0-8E9E-4FF6-BAA1-3AE059CA9FEC}.Debug|Windows-AnyCPU.ActiveCfg = Debug|Windows-AnyCPU
		{9F631DE0-8E9E-4FF6-BAA1-3AE059CA9FEC}.Debug|Windows-AnyCPU.Build.0 = Debug|Windows-AnyCPU
		{9F631DE0-8E9E-4FF6-BAA1-3AE059CA9FEC}.Debug|Windows-AnyCPU.Deploy.0 = Debug|Windows-AnyCPU
		{9F631DE0-8E9E-4FF6-BAA1-3AE059CA9FEC}.Debug|Windows-ARM.ActiveCfg = Debug|Windows-ARM
		{9F631DE0-8E9E-4FF6-BAA1-3AE059CA9FEC}.Debug|Windows-ARM.Build.0 = Debug|Windows-ARM
		{9F631DE0-8E9E-4FF6-BAA1-3AE059CA9FEC}.Debug|Windows-ARM.Deploy.0 = Debug|Windows-ARM
		{9F631DE0-8E9E-4FF6-BAA1-3AE059CA9FEC}.Debug|Windows-x64.ActiveCfg = Debug|Windows-x64
		{9F631DE0-8E9E-4FF6-BAA1-3AE059CA9FEC}.Debug|Windows-x64.Build.0 = Debug|Windows-x64
		{9F631DE0-8E9E-4FF6-BAA1-3AE059CA9FEC}.Debug|Windows-x64.Deploy.0 = Debug|Windows-x64
		{9F631DE0-8E9E-4FF6-BAA1-3AE059CA9FEC}.Debug|Windows-x86.ActiveCfg = Debug|Windows-x86
		{9F631DE0-8E9E-4FF6-BAA1-3AE059CA9FEC}.Debug|Windows-x86.Build.0 = Debug|Windows-x86
		{9F631DE0-8E9E-4FF6-BAA1-3AE059CA9FEC}.Debug|Windows-x86.Deploy.0 = Debug|Windows-x86
		{9F631DE0-8E9E-4FF6-BAA1-3AE059CA9FEC}.Release|Android.ActiveCfg = Release|Android
		{9F631DE0-8E9E-4FF6-BAA1-3AE059CA9FEC}.Release|Android.Build.0 = Release|Android
		{9F631DE0-8E9E-4FF6-BAA1-3AE059CA9FEC}.Release|Android.Deploy.0 = Release|Android
		{9F631DE0-8E9E-4FF6-BAA1-3AE059CA9FEC}.Release|Any CPU.ActiveCfg = Release|Android
		{9F631DE0-8E9E-4FF6-BAA1-3AE059CA9FEC}.Release|iOS.ActiveCfg = Release|iOS
		{9F631DE0-8E9E-4FF6-BAA1-3AE059CA9FEC}.Release|iOS.Build.0 = Release|iOS
		{9F631DE0-8E9E-4FF6-BAA1-3AE059CA9FEC}.Release|iOS.Deploy.0 = Release|iOS
		{9F631DE0-8E9E-4FF6-BAA1-3AE059CA9FEC}.Release|Windows Phone (Universal).ActiveCfg = Release|Windows Phone (Universal)
		{9F631DE0-8E9E-4FF6-BAA1-3AE059CA9FEC}.Release|Windows Phone (Universal).Build.0 = Release|Windows Phone (Universal)
		{9F631DE0-8E9E-4FF6-BAA1-3AE059CA9FEC}.Release|Windows Phone (Universal).Deploy.0 = Release|Windows Phone (Universal)
		{9F631DE0-8E9E-4FF6-BAA1-3AE059CA9FEC}.Release|Windows Phone 8.ActiveCfg = Release|Windows Phone 8
		{9F631DE0-8E9E-4FF6-BAA1-3AE059CA9FEC}.Release|Windows Phone 8.Build.0 = Release|Windows Phone 8
		{9F631DE0-8E9E-4FF6-BAA1-3AE059CA9FEC}.Release|Windows Phone 8.Deploy.0 = Release|Windows Phone 8
		{9F631DE0-8E9E-4FF6-BAA1-3AE059CA9FEC}.Release|Windows-AnyCPU.ActiveCfg = Release|Windows-AnyCPU
		{9F631DE0-8E9E-4FF6-BAA1-3AE059CA9FEC}.Release|Windows-AnyCPU.Build.0 = Release|Windows-AnyCPU
		{9F631DE0-8E9E-4FF6-BAA1-3AE059CA9FEC}.Release|Windows-AnyCPU.Deploy.0 = Release|Windows-AnyCPU
		{9F631DE0-8E9E-4FF6-BAA1-3AE059CA9FEC}.Release|Windows-ARM.ActiveCfg = Release|Windows-ARM
		{9F631DE0-8E9E-4FF6-BAA1-3AE059CA9FEC}.Release|Windows-ARM.Build.0 = Release|Windows-ARM
		{9F631DE0-8E9E-4FF6-BAA1-3AE059CA9FEC}.Release|Windows-ARM.Deploy.0 = Release|Windows-ARM
		{9F631DE0-8E9E-4FF6-BAA1-3AE059CA9FEC}.Release|Windows-x64.ActiveCfg = Release|Windows-x64
		{9F631DE0-8E9E-4FF6-BAA1-3AE059CA9FEC}.Release|Windows-x64.Build.0 = Release|Windows-x64
		{9F631DE0-8E9E-4FF6-BAA1-3AE059CA9FEC}.Release|Windows-x64.Deploy.0 = Release|Windows-x64
		{9F631DE0-8E9E-4FF6-BAA1-3AE059CA9FEC}.Release|Windows-x86.ActiveCfg = Release|Windows-x86
		{9F631DE0-8E9E-4FF6-BAA1-3AE059CA9FEC}.Release|Windows-x86.Build.0 = Release|Windows-x86
		{9F631DE0-8E9E-4FF6-BAA1-3AE059CA9FEC}.Release|Windows-x86.Deploy.0 = Release|Windows-x86
		{1CB840EF-39F3-42F6-A840-450B1FA6F549}.Debug|Android.ActiveCfg = Debug|Android
		{1CB840EF-39F3-42F6-A840-450B1FA6F549}.Debug|Android.Build.0 = Debug|Android
		{1CB840EF-39F3-42F6-A840-450B1FA6F549}.Debug|Android.Deploy.0 = Debug|Android
		{1CB840EF-39F3-42F6-A840-450B1FA6F549}.Debug|Any CPU.ActiveCfg = Debug|Android
		{1CB840EF-39F3-42F6-A840-450B1FA6F549}.Debug|iOS.ActiveCfg = Debug|iOS
		{1CB840EF-39F3-42F6-A840-450B1FA6F549}.Debug|iOS.Build.0 = Debug|iOS
		{1CB840EF-39F3-42F6-A840-450B1FA6F549}.Debug|iOS.Deploy.0 = Debug|iOS
		{1CB840EF-39F3-42F6-A840-450B1FA6F549}.Debug|Windows Phone (Universal).ActiveCfg = Debug|Windows Phone (Universal)
		{1CB840EF-39F3-42F6-A840-450B1FA6F549}.Debug|Windows Phone (Universal).Build.0 = Debug|Windows Phone (Universal)
		{1CB840EF-39F3-42F6-A840-450B1FA6F549}.Debug|Windows Phone (Universal).Deploy.0 = Debug|Windows Phone (Universal)
		{1CB840EF-39F3-42F6-A840-450B1FA6F549}.Debug|Windows Phone 8.ActiveCfg = Debug|Windows Phone 8
		{1CB840EF-39F3-42F6-A840-450B1FA6F549}.Debug|Windows Phone 8.Build.0 = Debug|Windows Phone 8
		{1CB840EF-39F3-42F6-A840-450B1FA6F549}.Debug|Windows Phone 8.Deploy.0 = Debug|Windows Phone 8
		{1CB840EF-39F3-42F6-A840-450B1FA6F549}.Debug|Windows-AnyCPU.ActiveCfg = Debug|Windows-AnyCPU
		{1CB840EF-39F3-42F6-A840-450B1FA6F549}.Debug|Windows-AnyCPU.Build.0 = Debug|Windows-AnyCPU
		{1CB840EF-39F3-42F6-A840-450B1FA6F549}.Debug|Windows-AnyCPU.Deploy.0 = Debug|Windows-AnyCPU
		{1CB840EF-39F3-42F6-A840-450B1FA6F549}.Debug|Windows-ARM.ActiveCfg = Debug|Windows-ARM
		{1CB840EF-39F3-42F6-A840-450B1FA6F549}.Debug|Windows-ARM.Build.0 = Debug|Windows-ARM
		{1CB840EF-39F3-42F6-A840-450B1FA6F549}.Debug|Windows-ARM.Deploy.0 = Debug|Windows-ARM
		{1CB840EF-39F3-42F6-A840-450B1FA6F549}.Debug|Windows-x64.ActiveCfg = Debug|Windows-x64
		{1CB840EF-39F3-42F6-A840-450B1FA6F549}.Debug|Windows-x64.Build.0 = Debug|Windows-x64
		{1CB840EF-39F3-42F6-A840-450B1FA6F549}.Debug|Windows-x64.Deploy.0 = Debug|Windows-x64
		{1CB840EF-39F3-42F6-A840-450B1FA6F549}.Debug|Windows-x86.ActiveCfg = Debug|Windows-x86
		{1CB840EF-39F3-42F6-A840-450B1FA6F549}.Debug|Windows-x86.Build.0 = Debug|Windows-x86
		{1CB840EF-39F3-42F6-A840-450B1FA6F549}.Debug|Windows-x86.Deploy.0 = Debug|Windows-x86
		{1CB840EF-39F3-42F6-A840-450B1FA6F549}.Release|Android.ActiveCfg = Release|Android
		{1CB840EF-39F3-42F6-A840-450B1FA6F549}.Release|Android.Build.0 = Release|Android
		{1CB840EF-39F3-42F6-A840-450B1FA6F549}.Release|Android.Deploy.0 = Release|Android
		{1CB840EF-39F3-42F6-A840-450B1FA6F549}.Release|Any CPU.ActiveCfg = Release|Android
		{1CB840EF-39F3-42F6-A840-450B1FA6F549}.Release|iOS.ActiveCfg = Release|iOS
		{1CB840EF-39F3-42F6-A840-450B1FA6F549}.Release|iOS.Build.0 = Release|iOS
		{1CB840EF-39F3-42F6-A840-450B1FA6F549}.Release|iOS.Deploy.0 = Release|iOS
		{1CB840EF-39F3-42F6-A840-450B1FA6F549}.Release|Windows Phone (Universal).ActiveCfg = Release|Windows Phone (Universal)
		{1CB840EF-39F3-42F6-A840-450B1FA6F549}.Release|Windows Phone (Universal).Build.0 = Release|Windows Phone (Universal)
		{1CB840EF-39F3-42F6-A840-450B1FA6F549}.Release|Windows Phone (Universal).Deploy.0 = Release|Windows Phone (Universal)
		{1CB840EF-39F3-42F6-A840-450B1FA6F549}.Release|Windows Phone 8.ActiveCfg = Release|Windows Phone 8
		{1CB840EF-39F3-42F6-A840-450B1FA6F549}.Release|Windows Phone 8.Build.0 = Release|Windows Phone 8
		{1CB840EF-39F3-42F6-A840-450B1FA6F549}.Release|Windows Phone 8.Deploy.0 = Release|Windows Phone 8
		{1CB840EF-39F3-42F6-A840-450B1FA6F549}.Release|Windows-AnyCPU.ActiveCfg = Release|Windows-AnyCPU
		{1CB840EF-39F3-42F6-A840-450B1FA6F549}.Release|Windows-AnyCPU.Build.0 = Release|Windows-AnyCPU
		{1CB840EF-39F3-42F6-A840-450B1FA6F549}.Release|Windows-AnyCPU.Deploy.0 = Release|Windows-AnyCPU
		{1CB840EF-39F3-42F6-A840-450B1FA6F549}.Release|Windows-ARM.ActiveCfg = Release|Windows-ARM
		{1CB840EF-39F3-42F6-A840-450B1FA6F549}.Release|Windows-ARM.Build.0 = Release|Windows-ARM
		{1CB840EF-39F3-42F6-A840-450B1FA6F549}.Release|Windows-ARM.Deploy.0 = Release|Windows-ARM
		{1CB840EF-39F3-42F6-A840-450B1FA6F549}.Release|Windows-x64.ActiveCfg = Release|Windows-x64
		{1CB840EF-39F3-42F6-A840-450B1FA6F549}.Release|Windows-x64.Build.0 = Release|Windows-x64
		{1CB840EF-39F3-42F6-A840-450B1FA6F549}.Release|Windows-x64.Deploy.0 = Release|Windows-x64
		{1CB840EF-39F3-42F6-A840-450B1FA6F549}.Release|Windows-x86.ActiveCfg = Release|Windows-x86
		{1CB840EF-39F3-42F6-A840-450B1FA6F549}.Release|Windows-x86.Build.0 = Release|Windows-x86
		{1CB840EF-39F3-42F6-A840-450B1FA6F549}.Release|Windows-x86.Deploy.0 = Release|Windows-x86
	EndGlobalSection
	GlobalSection(SolutionProperties) = preSolution
		HideSolutionNode = FALSE
	EndGlobalSection
EndGlobal
